// !$*UTF8*$!
{
	archiveVersion = 1;
	classes = {
	};
	objectVersion = 56;
	objects = {

/* Begin PBXBuildFile section */
		865819FC2C9EA5B400861580 /* AppDelegate.swift in Sources */ = {isa = PBXBuildFile; fileRef = 865819FB2C9EA5B400861580 /* AppDelegate.swift */; };
		865819FE2C9EA5B400861580 /* SceneDelegate.swift in Sources */ = {isa = PBXBuildFile; fileRef = 865819FD2C9EA5B400861580 /* SceneDelegate.swift */; };
		86581A002C9EA5B400861580 /* ViewController.swift in Sources */ = {isa = PBXBuildFile; fileRef = 865819FF2C9EA5B400861580 /* ViewController.swift */; };
		86581A032C9EA5B400861580 /* Base in Resources */ = {isa = PBXBuildFile; fileRef = 86581A022C9EA5B400861580 /* Base */; };
		86581A052C9EA5B500861580 /* Assets.xcassets in Resources */ = {isa = PBXBuildFile; fileRef = 86581A042C9EA5B500861580 /* Assets.xcassets */; };
		86581A082C9EA5B500861580 /* Base in Resources */ = {isa = PBXBuildFile; fileRef = 86581A072C9EA5B500861580 /* Base */; };
		86581A102C9EAB5E00861580 /* addController.swift in Sources */ = {isa = PBXBuildFile; fileRef = 86581A0F2C9EAB5E00861580 /* addController.swift */; };
		86581A122C9EAC4C00861580 /* nameCell.swift in Sources */ = {isa = PBXBuildFile; fileRef = 86581A112C9EAC4C00861580 /* nameCell.swift */; };
		86581A142C9EB10F00861580 /* namemodel.swift in Sources */ = {isa = PBXBuildFile; fileRef = 86581A132C9EB10F00861580 /* namemodel.swift */; };
/* End PBXBuildFile section */

/* Begin PBXFileReference section */
		865819F82C9EA5B400861580 /* contact.app */ = {isa = PBXFileReference; explicitFileType = wrapper.application; includeInIndex = 0; path = contact.app; sourceTree = BUILT_PRODUCTS_DIR; };
		865819FB2C9EA5B400861580 /* AppDelegate.swift */ = {isa = PBXFileReference; lastKnownFileType = sourcecode.swift; path = AppDelegate.swift; sourceTree = "<group>"; };
		865819FD2C9EA5B400861580 /* SceneDelegate.swift */ = {isa = PBXFileReference; lastKnownFileType = sourcecode.swift; path = SceneDelegate.swift; sourceTree = "<group>"; };
		865819FF2C9EA5B400861580 /* ViewController.swift */ = {isa = PBXFileReference; lastKnownFileType = sourcecode.swift; path = ViewController.swift; sourceTree = "<group>"; };
		86581A022C9EA5B400861580 /* Base */ = {isa = PBXFileReference; lastKnownFileType = file.storyboard; name = Base; path = Base.lproj/Main.storyboard; sourceTree = "<group>"; };
		86581A042C9EA5B500861580 /* Assets.xcassets */ = {isa = PBXFileReference; lastKnownFileType = folder.assetcatalog; path = Assets.xcassets; sourceTree = "<group>"; };
		86581A072C9EA5B500861580 /* Base */ = {isa = PBXFileReference; lastKnownFileType = file.storyboard; name = Base; path = Base.lproj/LaunchScreen.storyboard; sourceTree = "<group>"; };
		86581A092C9EA5B500861580 /* Info.plist */ = {isa = PBXFileReference; lastKnownFileType = text.plist.xml; path = Info.plist; sourceTree = "<group>"; };
		86581A0F2C9EAB5E00861580 /* addController.swift */ = {isa = PBXFileReference; lastKnownFileType = sourcecode.swift; path = addController.swift; sourceTree = "<group>"; };
		86581A112C9EAC4C00861580 /* nameCell.swift */ = {isa = PBXFileReference; lastKnownFileType = sourcecode.swift; path = nameCell.swift; sourceTree = "<group>"; };
		86581A132C9EB10F00861580 /* namemodel.swift */ = {isa = PBXFileReference; lastKnownFileType = sourcecode.swift; path = namemodel.swift; sourceTree = "<group>"; };
/* End PBXFileReference section */

/* Begin PBXFrameworksBuildPhase section */
		865819F52C9EA5B400861580 /* Frameworks */ = {
			isa = PBXFrameworksBuildPhase;
			buildActionMask = 2147483647;
			files = (
			);
			runOnlyForDeploymentPostprocessing = 0;
		};
/* End PBXFrameworksBuildPhase section */

/* Begin PBXGroup section */
		865819EF2C9EA5B400861580 = {
			isa = PBXGroup;
			children = (
				865819FA2C9EA5B400861580 /* contact */,
				865819F92C9EA5B400861580 /* Products */,
			);
			sourceTree = "<group>";
		};
		865819F92C9EA5B400861580 /* Products */ = {
			isa = PBXGroup;
			children = (
				865819F82C9EA5B400861580 /* contact.app */,
			);
			name = Products;
			sourceTree = "<group>";
		};
		865819FA2C9EA5B400861580 /* contact */ = {
			isa = PBXGroup;
			children = (
				865819FB2C9EA5B400861580 /* AppDelegate.swift */,
				865819FD2C9EA5B400861580 /* SceneDelegate.swift */,
				865819FF2C9EA5B400861580 /* ViewController.swift */,
				86581A0F2C9EAB5E00861580 /* addController.swift */,
				86581A112C9EAC4C00861580 /* nameCell.swift */,
				86581A132C9EB10F00861580 /* namemodel.swift */,
				86581A012C9EA5B400861580 /* Main.storyboard */,
				86581A042C9EA5B500861580 /* Assets.xcassets */,
				86581A062C9EA5B500861580 /* LaunchScreen.storyboard */,
				86581A092C9EA5B500861580 /* Info.plist */,
			);
			path = contact;
			sourceTree = "<group>";
		};
/* End PBXGroup section */

/* Begin PBXNativeTarget section */
		865819F72C9EA5B400861580 /* contact */ = {
			isa = PBXNativeTarget;
			buildConfigurationList = 86581A0C2C9EA5B500861580 /* Build configuration list for PBXNativeTarget "contact" */;
			buildPhases = (
				865819F42C9EA5B400861580 /* Sources */,
				865819F52C9EA5B400861580 /* Frameworks */,
				865819F62C9EA5B400861580 /* Resources */,
			);
			buildRules = (
			);
			dependencies = (
			);
			name = contact;
			productName = contact;
			productReference = 865819F82C9EA5B400861580 /* contact.app */;
			productType = "com.apple.product-type.application";
		};
/* End PBXNativeTarget section */

/* Begin PBXProject section */
		865819F02C9EA5B400861580 /* Project object */ = {
			isa = PBXProject;
			attributes = {
				BuildIndependentTargetsInParallel = 1;
				LastSwiftUpdateCheck = 1540;
				LastUpgradeCheck = 1540;
				TargetAttributes = {
					865819F72C9EA5B400861580 = {
						CreatedOnToolsVersion = 15.4;
					};
				};
			};
			buildConfigurationList = 865819F32C9EA5B400861580 /* Build configuration list for PBXProject "contact" */;
			compatibilityVersion = "Xcode 14.0";
			developmentRegion = en;
			hasScannedForEncodings = 0;
			knownRegions = (
				en,
				Base,
			);
			mainGroup = 865819EF2C9EA5B400861580;
			productRefGroup = 865819F92C9EA5B400861580 /* Products */;
			projectDirPath = "";
			projectRoot = "";
			targets = (
				865819F72C9EA5B400861580 /* contact */,
			);
		};
/* End PBXProject section */

/* Begin PBXResourcesBuildPhase section */
		865819F62C9EA5B400861580 /* Resources */ = {
			isa = PBXResourcesBuildPhase;
			buildActionMask = 2147483647;
			files = (
				86581A052C9EA5B500861580 /* Assets.xcassets in Resources */,
				86581A082C9EA5B500861580 /* Base in Resources */,
				86581A032C9EA5B400861580 /* Base in Resources */,
			);
			runOnlyForDeploymentPostprocessing = 0;
		};
/* End PBXResourcesBuildPhase section */

/* Begin PBXSourcesBuildPhase section */
		865819F42C9EA5B400861580 /* Sources */ = {
			isa = PBXSourcesBuildPhase;
			buildActionMask = 2147483647;
			files = (
				86581A002C9EA5B400861580 /* ViewController.swift in Sources */,
				865819FC2C9EA5B400861580 /* AppDelegate.swift in Sources */,
				86581A142C9EB10F00861580 /* namemodel.swift in Sources */,
				865819FE2C9EA5B400861580 /* SceneDelegate.swift in Sources */,
				86581A122C9EAC4C00861580 /* nameCell.swift in Sources */,
				86581A102C9EAB5E00861580 /* addController.swift in Sources */,
			);
			runOnlyForDeploymentPostprocessing = 0;
		};
/* End PBXSourcesBuildPhase section */

/* Begin PBXVariantGroup section */
		86581A012C9EA5B400861580 /* Main.storyboard */ = {
			isa = PBXVariantGroup;
			children = (
				86581A022C9EA5B400861580 /* Base */,
			);
			name = Main.storyboard;
			sourceTree = "<group>";
		};
		86581A062C9EA5B500861580 /* LaunchScreen.storyboard */ = {
			isa = PBXVariantGroup;
			children = (
				86581A072C9EA5B500861580 /* Base */,
			);
			name = LaunchScreen.storyboard;
			sourceTree = "<group>";
		};
/* End PBXVariantGroup section */

/* Begin XCBuildConfiguration section */
		86581A0A2C9EA5B500861580 /* Debug */ = {
			isa = XCBuildConfiguration;
			buildSettings = {
				ALWAYS_SEARCH_USER_PATHS = NO;
				ASSETCATALOG_COMPILER_GENERATE_SWIFT_ASSET_SYMBOL_EXTENSIONS = YES;
				CLANG_ANALYZER_NONNULL = YES;
				CLANG_ANALYZER_NUMBER_OBJECT_CONVERSION = YES_AGGRESSIVE;
				CLANG_CXX_LANGUAGE_STANDARD = "gnu++20";
				CLANG_ENABLE_MODULES = YES;
				CLANG_ENABLE_OBJC_ARC = YES;
				CLANG_ENABLE_OBJC_WEAK = YES;
				CLANG_WARN_BLOCK_CAPTURE_AUTORELEASING = YES;
				CLANG_WARN_BOOL_CONVERSION = YES;
				CLANG_WARN_COMMA = YES;
				CLANG_WARN_CONSTANT_CONVERSION = YES;
				CLANG_WARN_DEPRECATED_OBJC_IMPLEMENTATIONS = YES;
				CLANG_WARN_DIRECT_OBJC_ISA_USAGE = YES_ERROR;
				CLANG_WARN_DOCUMENTATION_COMMENTS = YES;
				CLANG_WARN_EMPTY_BODY = YES;
				CLANG_WARN_ENUM_CONVERSION = YES;
				CLANG_WARN_INFINITE_RECURSION = YES;
				CLANG_WARN_INT_CONVERSION = YES;
				CLANG_WARN_NON_LITERAL_NULL_CONVERSION = YES;
				CLANG_WARN_OBJC_IMPLICIT_RETAIN_SELF = YES;
				CLANG_WARN_OBJC_LITERAL_CONVERSION = YES;
				CLANG_WARN_OBJC_ROOT_CLASS = YES_ERROR;
				CLANG_WARN_QUOTED_INCLUDE_IN_FRAMEWORK_HEADER = YES;
				CLANG_WARN_RANGE_LOOP_ANALYSIS = YES;
				CLANG_WARN_STRICT_PROTOTYPES = YES;
				CLANG_WARN_SUSPICIOUS_MOVE = YES;
				CLANG_WARN_UNGUARDED_AVAILABILITY = YES_AGGRESSIVE;
				CLANG_WARN_UNREACHABLE_CODE = YES;
				CLANG_WARN__DUPLICATE_METHOD_MATCH = YES;
				COPY_PHASE_STRIP = NO;
				DEBUG_INFORMATION_FORMAT = dwarf;
				ENABLE_STRICT_OBJC_MSGSEND = YES;
				ENABLE_TESTABILITY = YES;
				ENABLE_USER_SCRIPT_SANDBOXING = YES;
				GCC_C_LANGUAGE_STANDARD = gnu17;
				GCC_DYNAMIC_NO_PIC = NO;
				GCC_NO_COMMON_BLOCKS = YES;
				GCC_OPTIMIZATION_LEVEL = 0;
				GCC_PREPROCESSOR_DEFINITIONS = (
					"DEBUG=1",
					"$(inherited)",
				);
				GCC_WARN_64_TO_32_BIT_CONVERSION = YES;
				GCC_WARN_ABOUT_RETURN_TYPE = YES_ERROR;
				GCC_WARN_UNDECLARED_SELECTOR = YES;
				GCC_WARN_UNINITIALIZED_AUTOS = YES_AGGRESSIVE;
				GCC_WARN_UNUSED_FUNCTION = YES;
				GCC_WARN_UNUSED_VARIABLE = YES;
				IPHONEOS_DEPLOYMENT_TARGET = 17.5;
				LOCALIZATION_PREFERS_STRING_CATALOGS = YES;
				MTL_ENABLE_DEBUG_INFO = INCLUDE_SOURCE;
				MTL_FAST_MATH = YES;
				ONLY_ACTIVE_ARCH = YES;
				SDKROOT = iphoneos;
				SWIFT_ACTIVE_COMPILATION_CONDITIONS = "DEBUG $(inherited)";
				SWIFT_OPTIMIZATION_LEVEL = "-Onone";
			};
			name = Debug;
		};
		86581A0B2C9EA5B500861580 /* Release */ = {
			isa = XCBuildConfiguration;
			buildSettings = {
				ALWAYS_SEARCH_USER_PATHS = NO;
				ASSETCATALOG_COMPILER_GENERATE_SWIFT_ASSET_SYMBOL_EXTENSIONS = YES;
				CLANG_ANALYZER_NONNULL = YES;
				CLANG_ANALYZER_NUMBER_OBJECT_CONVERSION = YES_AGGRESSIVE;
				CLANG_CXX_LANGUAGE_STANDARD = "gnu++20";
				CLANG_ENABLE_MODULES = YES;
				CLANG_ENABLE_OBJC_ARC = YES;
				CLANG_ENABLE_OBJC_WEAK = YES;
				CLANG_WARN_BLOCK_CAPTURE_AUTORELEASING = YES;
				CLANG_WARN_BOOL_CONVERSION = YES;
				CLANG_WARN_COMMA = YES;
				CLANG_WARN_CONSTANT_CONVERSION = YES;
				CLANG_WARN_DEPRECATED_OBJC_IMPLEMENTATIONS = YES;
				CLANG_WARN_DIRECT_OBJC_ISA_USAGE = YES_ERROR;
				CLANG_WARN_DOCUMENTATION_COMMENTS = YES;
				CLANG_WARN_EMPTY_BODY = YES;
				CLANG_WARN_ENUM_CONVERSION = YES;
				CLANG_WARN_INFINITE_RECURSION = YES;
				CLANG_WARN_INT_CONVERSION = YES;
				CLANG_WARN_NON_LITERAL_NULL_CONVERSION = YES;
				CLANG_WARN_OBJC_IMPLICIT_RETAIN_SELF = YES;
				CLANG_WARN_OBJC_LITERAL_CONVERSION = YES;
				CLANG_WARN_OBJC_ROOT_CLASS = YES_ERROR;
				CLANG_WARN_QUOTED_INCLUDE_IN_FRAMEWORK_HEADER = YES;
				CLANG_WARN_RANGE_LOOP_ANALYSIS = YES;
				CLANG_WARN_STRICT_PROTOTYPES = YES;
				CLANG_WARN_SUSPICIOUS_MOVE = YES;
				CLANG_WARN_UNGUARDED_AVAILABILITY = YES_AGGRESSIVE;
				CLANG_WARN_UNREACHABLE_CODE = YES;
				CLANG_WARN__DUPLICATE_METHOD_MATCH = YES;
				COPY_PHASE_STRIP = NO;
				DEBUG_INFORMATION_FORMAT = "dwarf-with-dsym";
				ENABLE_NS_ASSERTIONS = NO;
				ENABLE_STRICT_OBJC_MSGSEND = YES;
				ENABLE_USER_SCRIPT_SANDBOXING = YES;
				GCC_C_LANGUAGE_STANDARD = gnu17;
				GCC_NO_COMMON_BLOCKS = YES;
				GCC_WARN_64_TO_32_BIT_CONVERSION = YES;
				GCC_WARN_ABOUT_RETURN_TYPE = YES_ERROR;
				GCC_WARN_UNDECLARED_SELECTOR = YES;
				GCC_WARN_UNINITIALIZED_AUTOS = YES_AGGRESSIVE;
				GCC_WARN_UNUSED_FUNCTION = YES;
				GCC_WARN_UNUSED_VARIABLE = YES;
				IPHONEOS_DEPLOYMENT_TARGET = 17.5;
				LOCALIZATION_PREFERS_STRING_CATALOGS = YES;
				MTL_ENABLE_DEBUG_INFO = NO;
				MTL_FAST_MATH = YES;
				SDKROOT = iphoneos;
				SWIFT_COMPILATION_MODE = wholemodule;
				VALIDATE_PRODUCT = YES;
			};
			name = Release;
		};
		86581A0D2C9EA5B500861580 /* Debug */ = {
			isa = XCBuildConfiguration;
			buildSettings = {
				ASSETCATALOG_COMPILER_APPICON_NAME = AppIcon;
				ASSETCATALOG_COMPILER_GLOBAL_ACCENT_COLOR_NAME = AccentColor;
				CODE_SIGN_STYLE = Automatic;
				CURRENT_PROJECT_VERSION = 1;
				GENERATE_INFOPLIST_FILE = YES;
				INFOPLIST_FILE = contact/Info.plist;
				INFOPLIST_KEY_UIApplicationSupportsIndirectInputEvents = YES;
				INFOPLIST_KEY_UILaunchStoryboardName = LaunchScreen;
				INFOPLIST_KEY_UIMainStoryboardFile = Main;
				INFOPLIST_KEY_UISupportedInterfaceOrientations_iPad = "UIInterfaceOrientationPortrait UIInterfaceOrientationPortraitUpsideDown UIInterfaceOrientationLandscapeLeft UIInterfaceOrientationLandscapeRight";
				INFOPLIST_KEY_UISupportedInterfaceOrientations_iPhone = "UIInterfaceOrientationPortrait UIInterfaceOrientationLandscapeLeft UIInterfaceOrientationLandscapeRight";
				LD_RUNPATH_SEARCH_PATHS = (
					"$(inherited)",
					"@executable_path/Frameworks",
				);
				MARKETING_VERSION = 1.0;
				PRODUCT_BUNDLE_IDENTIFIER = com.atl.contact;
				PRODUCT_NAME = "$(TARGET_NAME)";
				SWIFT_EMIT_LOC_STRINGS = YES;
				SWIFT_VERSION = 5.0;
				TARGETED_DEVICE_FAMILY = "1,2";
			};
			name = Debug;
		};
		86581A0E2C9EA5B500861580 /* Release */ = {
			isa = XCBuildConfiguration;
			buildSettings = {
				ASSETCATALOG_COMPILER_APPICON_NAME = AppIcon;
				ASSETCATALOG_COMPILER_GLOBAL_ACCENT_COLOR_NAME = AccentColor;
				CODE_SIGN_STYLE = Automatic;
				CURRENT_PROJECT_VERSION = 1;
				GENERATE_INFOPLIST_FILE = YES;
				INFOPLIST_FILE = contact/Info.plist;
				INFOPLIST_KEY_UIApplicationSupportsIndirectInputEvents = YES;
				INFOPLIST_KEY_UILaunchStoryboardName = LaunchScreen;
				INFOPLIST_KEY_UIMainStoryboardFile = Main;
				INFOPLIST_KEY_UISupportedInterfaceOrientations_iPad = "UIInterfaceOrientationPortrait UIInterfaceOrientationPortraitUpsideDown UIInterfaceOrientationLandscapeLeft UIInterfaceOrientationLandscapeRight";
				INFOPLIST_KEY_UISupportedInterfaceOrientations_iPhone = "UIInterfaceOrientationPortrait UIInterfaceOrientationLandscapeLeft UIInterfaceOrientationLandscapeRight";
				LD_RUNPATH_SEARCH_PATHS = (
					"$(inherited)",
					"@executable_path/Frameworks",
				);
				MARKETING_VERSION = 1.0;
				PRODUCT_BUNDLE_IDENTIFIER = com.atl.contact;
				PRODUCT_NAME = "$(TARGET_NAME)";
				SWIFT_EMIT_LOC_STRINGS = YES;
				SWIFT_VERSION = 5.0;
				TARGETED_DEVICE_FAMILY = "1,2";
			};
			name = Release;
		};
/* End XCBuildConfiguration section */

/* Begin XCConfigurationList section */
		865819F32C9EA5B400861580 /* Build configuration list for PBXProject "contact" */ = {
			isa = XCConfigurationList;
			buildConfigurations = (
				86581A0A2C9EA5B500861580 /* Debug */,
				86581A0B2C9EA5B500861580 /* Release */,
			);
			defaultConfigurationIsVisible = 0;
			defaultConfigurationName = Release;
		};
		86581A0C2C9EA5B500861580 /* Build configuration list for PBXNativeTarget "contact" */ = {
			isa = XCConfigurationList;
			buildConfigurations = (
				86581A0D2C9EA5B500861580 /* Debug */,
				86581A0E2C9EA5B500861580 /* Release */,
			);
			defaultConfigurationIsVisible = 0;
			defaultConfigurationName = Release;
		};
/* End XCConfigurationList section */
	};
	rootObject = 865819F02C9EA5B400861580 /* Project object */;
}
